// !$*UTF8*$!
{
	archiveVersion = 1;
	classes = {
	};
	objectVersion = 46;
	objects = {

/* Begin PBXBuildFile section */
		202BD7551E4A56FA00A822FC /* CustomCategoryViewController.swift in Sources */ = {isa = PBXBuildFile; fileRef = 202BD7541E4A56FA00A822FC /* CustomCategoryViewController.swift */; };
		202BD7571E4A5ACA00A822FC /* CategoryData.swift in Sources */ = {isa = PBXBuildFile; fileRef = 202BD7561E4A5ACA00A822FC /* CategoryData.swift */; };
		203C28FE1E4E1D9400C63D98 /* TransactionsChartData.swift in Sources */ = {isa = PBXBuildFile; fileRef = 203C28FD1E4E1D9400C63D98 /* TransactionsChartData.swift */; };
		206CCA281E47CC7B00724653 /* ErrorMessageViewController.swift in Sources */ = {isa = PBXBuildFile; fileRef = 206CCA271E47CC7B00724653 /* ErrorMessageViewController.swift */; };
		207657E11E33F8CC008B6187 /* AppDelegate.swift in Sources */ = {isa = PBXBuildFile; fileRef = 207657E01E33F8CC008B6187 /* AppDelegate.swift */; };
		207657E31E33F8CC008B6187 /* ViewController.swift in Sources */ = {isa = PBXBuildFile; fileRef = 207657E21E33F8CC008B6187 /* ViewController.swift */; };
		207657E61E33F8CC008B6187 /* Finances_Tracker.xcdatamodeld in Sources */ = {isa = PBXBuildFile; fileRef = 207657E41E33F8CC008B6187 /* Finances_Tracker.xcdatamodeld */; };
		207657E81E33F8CC008B6187 /* Assets.xcassets in Resources */ = {isa = PBXBuildFile; fileRef = 207657E71E33F8CC008B6187 /* Assets.xcassets */; };
		207657EB1E33F8CC008B6187 /* Main.storyboard in Resources */ = {isa = PBXBuildFile; fileRef = 207657E91E33F8CC008B6187 /* Main.storyboard */; };
		208EF9551E351624008FB4E4 /* TransactionDetailsViewController.swift in Sources */ = {isa = PBXBuildFile; fileRef = 208EF9541E351624008FB4E4 /* TransactionDetailsViewController.swift */; };
		208EF9571E3527D7008FB4E4 /* TransactionData.swift in Sources */ = {isa = PBXBuildFile; fileRef = 208EF9561E3527D7008FB4E4 /* TransactionData.swift */; };
		20CF43461E45069C009A7554 /* OwnerDetailsViewController.swift in Sources */ = {isa = PBXBuildFile; fileRef = 20CF43451E45069C009A7554 /* OwnerDetailsViewController.swift */; };
		20F377F71E563873004576CA /* FilterData.swift in Sources */ = {isa = PBXBuildFile; fileRef = 20F377F61E563873004576CA /* FilterData.swift */; };
		20F4FF791E4CE7120026EB63 /* PieChartViewController.swift in Sources */ = {isa = PBXBuildFile; fileRef = 20F4FF781E4CE7120026EB63 /* PieChartViewController.swift */; };
		20F4FF7B1E4CF9160026EB63 /* PieChartView.swift in Sources */ = {isa = PBXBuildFile; fileRef = 20F4FF7A1E4CF9160026EB63 /* PieChartView.swift */; };
/* End PBXBuildFile section */

/* Begin PBXFileReference section */
		202BD7541E4A56FA00A822FC /* CustomCategoryViewController.swift */ = {isa = PBXFileReference; fileEncoding = 4; lastKnownFileType = sourcecode.swift; path = CustomCategoryViewController.swift; sourceTree = "<group>"; };
		202BD7561E4A5ACA00A822FC /* CategoryData.swift */ = {isa = PBXFileReference; fileEncoding = 4; lastKnownFileType = sourcecode.swift; path = CategoryData.swift; sourceTree = "<group>"; };
		203C28FD1E4E1D9400C63D98 /* TransactionsChartData.swift */ = {isa = PBXFileReference; fileEncoding = 4; lastKnownFileType = sourcecode.swift; path = TransactionsChartData.swift; sourceTree = "<group>"; };
		206CCA271E47CC7B00724653 /* ErrorMessageViewController.swift */ = {isa = PBXFileReference; fileEncoding = 4; lastKnownFileType = sourcecode.swift; path = ErrorMessageViewController.swift; sourceTree = "<group>"; };
		207657DD1E33F8CC008B6187 /* Finances-Tracker.app */ = {isa = PBXFileReference; explicitFileType = wrapper.application; includeInIndex = 0; path = "Finances-Tracker.app"; sourceTree = BUILT_PRODUCTS_DIR; };
		207657E01E33F8CC008B6187 /* AppDelegate.swift */ = {isa = PBXFileReference; lastKnownFileType = sourcecode.swift; path = AppDelegate.swift; sourceTree = "<group>"; };
		207657E21E33F8CC008B6187 /* ViewController.swift */ = {isa = PBXFileReference; lastKnownFileType = sourcecode.swift; path = ViewController.swift; sourceTree = "<group>"; };
		207657E51E33F8CC008B6187 /* Finances_Tracker.xcdatamodel */ = {isa = PBXFileReference; lastKnownFileType = wrapper.xcdatamodel; path = Finances_Tracker.xcdatamodel; sourceTree = "<group>"; };
		207657E71E33F8CC008B6187 /* Assets.xcassets */ = {isa = PBXFileReference; lastKnownFileType = folder.assetcatalog; path = Assets.xcassets; sourceTree = "<group>"; };
		207657EA1E33F8CC008B6187 /* Base */ = {isa = PBXFileReference; lastKnownFileType = file.storyboard; name = Base; path = Base.lproj/Main.storyboard; sourceTree = "<group>"; };
		207657EC1E33F8CC008B6187 /* Info.plist */ = {isa = PBXFileReference; lastKnownFileType = text.plist.xml; path = Info.plist; sourceTree = "<group>"; };
		208EF9541E351624008FB4E4 /* TransactionDetailsViewController.swift */ = {isa = PBXFileReference; fileEncoding = 4; lastKnownFileType = sourcecode.swift; path = TransactionDetailsViewController.swift; sourceTree = "<group>"; };
		208EF9561E3527D7008FB4E4 /* TransactionData.swift */ = {isa = PBXFileReference; fileEncoding = 4; lastKnownFileType = sourcecode.swift; path = TransactionData.swift; sourceTree = "<group>"; };
		20CF43451E45069C009A7554 /* OwnerDetailsViewController.swift */ = {isa = PBXFileReference; fileEncoding = 4; lastKnownFileType = sourcecode.swift; path = OwnerDetailsViewController.swift; sourceTree = "<group>"; };
		20F377F61E563873004576CA /* FilterData.swift */ = {isa = PBXFileReference; fileEncoding = 4; lastKnownFileType = sourcecode.swift; path = FilterData.swift; sourceTree = "<group>"; };
		20F4FF781E4CE7120026EB63 /* PieChartViewController.swift */ = {isa = PBXFileReference; fileEncoding = 4; lastKnownFileType = sourcecode.swift; path = PieChartViewController.swift; sourceTree = "<group>"; };
		20F4FF7A1E4CF9160026EB63 /* PieChartView.swift */ = {isa = PBXFileReference; fileEncoding = 4; lastKnownFileType = sourcecode.swift; path = PieChartView.swift; sourceTree = "<group>"; };
/* End PBXFileReference section */

/* Begin PBXFrameworksBuildPhase section */
		207657DA1E33F8CC008B6187 /* Frameworks */ = {
			isa = PBXFrameworksBuildPhase;
			buildActionMask = 2147483647;
			files = (
			);
			runOnlyForDeploymentPostprocessing = 0;
		};
/* End PBXFrameworksBuildPhase section */

/* Begin PBXGroup section */
		207657D41E33F8CC008B6187 = {
			isa = PBXGroup;
			children = (
				207657DF1E33F8CC008B6187 /* Finances-Tracker */,
				207657DE1E33F8CC008B6187 /* Products */,
			);
			sourceTree = "<group>";
		};
		207657DE1E33F8CC008B6187 /* Products */ = {
			isa = PBXGroup;
			children = (
				207657DD1E33F8CC008B6187 /* Finances-Tracker.app */,
			);
			name = Products;
			sourceTree = "<group>";
		};
		207657DF1E33F8CC008B6187 /* Finances-Tracker */ = {
			isa = PBXGroup;
			children = (
				207657E01E33F8CC008B6187 /* AppDelegate.swift */,
				207657E21E33F8CC008B6187 /* ViewController.swift */,
				20F377F61E563873004576CA /* FilterData.swift */,
				207657E71E33F8CC008B6187 /* Assets.xcassets */,
				207657E91E33F8CC008B6187 /* Main.storyboard */,
				202BD7541E4A56FA00A822FC /* CustomCategoryViewController.swift */,
				207657EC1E33F8CC008B6187 /* Info.plist */,
				207657E41E33F8CC008B6187 /* Finances_Tracker.xcdatamodeld */,
				208EF9541E351624008FB4E4 /* TransactionDetailsViewController.swift */,
				20F4FF7A1E4CF9160026EB63 /* PieChartView.swift */,
				20F4FF781E4CE7120026EB63 /* PieChartViewController.swift */,
				202BD7561E4A5ACA00A822FC /* CategoryData.swift */,
				208EF9561E3527D7008FB4E4 /* TransactionData.swift */,
				20CF43451E45069C009A7554 /* OwnerDetailsViewController.swift */,
				206CCA271E47CC7B00724653 /* ErrorMessageViewController.swift */,
				203C28FD1E4E1D9400C63D98 /* TransactionsChartData.swift */,
			);
			path = "Finances-Tracker";
			sourceTree = "<group>";
		};
/* End PBXGroup section */

/* Begin PBXNativeTarget section */
		207657DC1E33F8CC008B6187 /* Finances-Tracker */ = {
			isa = PBXNativeTarget;
			buildConfigurationList = 207657EF1E33F8CC008B6187 /* Build configuration list for PBXNativeTarget "Finances-Tracker" */;
			buildPhases = (
				207657D91E33F8CC008B6187 /* Sources */,
				207657DA1E33F8CC008B6187 /* Frameworks */,
				207657DB1E33F8CC008B6187 /* Resources */,
			);
			buildRules = (
			);
			dependencies = (
			);
			name = "Finances-Tracker";
			productName = "Finances-Tracker";
			productReference = 207657DD1E33F8CC008B6187 /* Finances-Tracker.app */;
			productType = "com.apple.product-type.application";
		};
/* End PBXNativeTarget section */

/* Begin PBXProject section */
		207657D51E33F8CC008B6187 /* Project object */ = {
			isa = PBXProject;
			attributes = {
				LastSwiftUpdateCheck = 0820;
				LastUpgradeCheck = 0820;
				ORGANIZATIONNAME = "Jason Martin";
				TargetAttributes = {
					207657DC1E33F8CC008B6187 = {
						CreatedOnToolsVersion = 8.2.1;
						ProvisioningStyle = Automatic;
					};
				};
			};
			buildConfigurationList = 207657D81E33F8CC008B6187 /* Build configuration list for PBXProject "Finances-Tracker" */;
			compatibilityVersion = "Xcode 3.2";
			developmentRegion = English;
			hasScannedForEncodings = 0;
			knownRegions = (
				en,
				Base,
			);
			mainGroup = 207657D41E33F8CC008B6187;
			productRefGroup = 207657DE1E33F8CC008B6187 /* Products */;
			projectDirPath = "";
			projectRoot = "";
			targets = (
				207657DC1E33F8CC008B6187 /* Finances-Tracker */,
			);
		};
/* End PBXProject section */

/* Begin PBXResourcesBuildPhase section */
		207657DB1E33F8CC008B6187 /* Resources */ = {
			isa = PBXResourcesBuildPhase;
			buildActionMask = 2147483647;
			files = (
				207657E81E33F8CC008B6187 /* Assets.xcassets in Resources */,
				207657EB1E33F8CC008B6187 /* Main.storyboard in Resources */,
			);
			runOnlyForDeploymentPostprocessing = 0;
		};
/* End PBXResourcesBuildPhase section */

/* Begin PBXSourcesBuildPhase section */
		207657D91E33F8CC008B6187 /* Sources */ = {
			isa = PBXSourcesBuildPhase;
			buildActionMask = 2147483647;
			files = (
				20CF43461E45069C009A7554 /* OwnerDetailsViewController.swift in Sources */,
				202BD7571E4A5ACA00A822FC /* CategoryData.swift in Sources */,
				202BD7551E4A56FA00A822FC /* CustomCategoryViewController.swift in Sources */,
				208EF9551E351624008FB4E4 /* TransactionDetailsViewController.swift in Sources */,
				20F4FF7B1E4CF9160026EB63 /* PieChartView.swift in Sources */,
				206CCA281E47CC7B00724653 /* ErrorMessageViewController.swift in Sources */,
				208EF9571E3527D7008FB4E4 /* TransactionData.swift in Sources */,
				203C28FE1E4E1D9400C63D98 /* TransactionsChartData.swift in Sources */,
				20F4FF791E4CE7120026EB63 /* PieChartViewController.swift in Sources */,
				207657E61E33F8CC008B6187 /* Finances_Tracker.xcdatamodeld in Sources */,
				20F377F71E563873004576CA /* FilterData.swift in Sources */,
				207657E31E33F8CC008B6187 /* ViewController.swift in Sources */,
				207657E11E33F8CC008B6187 /* AppDelegate.swift in Sources */,
			);
			runOnlyForDeploymentPostprocessing = 0;
		};
/* End PBXSourcesBuildPhase section */

/* Begin PBXVariantGroup section */
		207657E91E33F8CC008B6187 /* Main.storyboard */ = {
			isa = PBXVariantGroup;
			children = (
				207657EA1E33F8CC008B6187 /* Base */,
			);
			name = Main.storyboard;
			sourceTree = "<group>";
		};
/* End PBXVariantGroup section */

/* Begin XCBuildConfiguration section */
		207657ED1E33F8CC008B6187 /* Debug */ = {
			isa = XCBuildConfiguration;
			buildSettings = {
				ALWAYS_SEARCH_USER_PATHS = NO;
				CLANG_ANALYZER_NONNULL = YES;
				CLANG_CXX_LANGUAGE_STANDARD = "gnu++0x";
				CLANG_CXX_LIBRARY = "libc++";
				CLANG_ENABLE_MODULES = YES;
				CLANG_ENABLE_OBJC_ARC = YES;
				CLANG_WARN_BOOL_CONVERSION = YES;
				CLANG_WARN_CONSTANT_CONVERSION = YES;
				CLANG_WARN_DIRECT_OBJC_ISA_USAGE = YES_ERROR;
				CLANG_WARN_DOCUMENTATION_COMMENTS = YES;
				CLANG_WARN_EMPTY_BODY = YES;
				CLANG_WARN_ENUM_CONVERSION = YES;
				CLANG_WARN_INFINITE_RECURSION = YES;
				CLANG_WARN_INT_CONVERSION = YES;
				CLANG_WARN_OBJC_ROOT_CLASS = YES_ERROR;
				CLANG_WARN_SUSPICIOUS_MOVE = YES;
				CLANG_WARN_UNREACHABLE_CODE = YES;
				CLANG_WARN__DUPLICATE_METHOD_MATCH = YES;
				CODE_SIGN_IDENTITY = "-";
				COPY_PHASE_STRIP = NO;
				DEBUG_INFORMATION_FORMAT = dwarf;
				ENABLE_STRICT_OBJC_MSGSEND = YES;
				ENABLE_TESTABILITY = YES;
				GCC_C_LANGUAGE_STANDARD = gnu99;
				GCC_DYNAMIC_NO_PIC = NO;
				GCC_NO_COMMON_BLOCKS = YES;
				GCC_OPTIMIZATION_LEVEL = 0;
				GCC_PREPROCESSOR_DEFINITIONS = (
					"DEBUG=1",
					"$(inherited)",
				);
				GCC_WARN_64_TO_32_BIT_CONVERSION = YES;
				GCC_WARN_ABOUT_RETURN_TYPE = YES_ERROR;
				GCC_WARN_UNDECLARED_SELECTOR = YES;
				GCC_WARN_UNINITIALIZED_AUTOS = YES_AGGRESSIVE;
				GCC_WARN_UNUSED_FUNCTION = YES;
				GCC_WARN_UNUSED_VARIABLE = YES;
				MACOSX_DEPLOYMENT_TARGET = 10.12;
				MTL_ENABLE_DEBUG_INFO = YES;
				ONLY_ACTIVE_ARCH = YES;
				SDKROOT = macosx;
				SWIFT_ACTIVE_COMPILATION_CONDITIONS = DEBUG;
				SWIFT_OPTIMIZATION_LEVEL = "-Onone";
			};
			name = Debug;
		};
		207657EE1E33F8CC008B6187 /* Release */ = {
			isa = XCBuildConfiguration;
			buildSettings = {
				ALWAYS_SEARCH_USER_PATHS = NO;
				CLANG_ANALYZER_NONNULL = YES;
				CLANG_CXX_LANGUAGE_STANDARD = "gnu++0x";
				CLANG_CXX_LIBRARY = "libc++";
				CLANG_ENABLE_MODULES = YES;
				CLANG_ENABLE_OBJC_ARC = YES;
				CLANG_WARN_BOOL_CONVERSION = YES;
				CLANG_WARN_CONSTANT_CONVERSION = YES;
				CLANG_WARN_DIRECT_OBJC_ISA_USAGE = YES_ERROR;
				CLANG_WARN_DOCUMENTATION_COMMENTS = YES;
				CLANG_WARN_EMPTY_BODY = YES;
				CLANG_WARN_ENUM_CONVERSION = YES;
				CLANG_WARN_INFINITE_RECURSION = YES;
				CLANG_WARN_INT_CONVERSION = YES;
				CLANG_WARN_OBJC_ROOT_CLASS = YES_ERROR;
				CLANG_WARN_SUSPICIOUS_MOVE = YES;
				CLANG_WARN_UNREACHABLE_CODE = YES;
				CLANG_WARN__DUPLICATE_METHOD_MATCH = YES;
				CODE_SIGN_IDENTITY = "-";
				COPY_PHASE_STRIP = NO;
				DEBUG_INFORMATION_FORMAT = "dwarf-with-dsym";
				ENABLE_NS_ASSERTIONS = NO;
				ENABLE_STRICT_OBJC_MSGSEND = YES;
				GCC_C_LANGUAGE_STANDARD = gnu99;
				GCC_NO_COMMON_BLOCKS = YES;
				GCC_WARN_64_TO_32_BIT_CONVERSION = YES;
				GCC_WARN_ABOUT_RETURN_TYPE = YES_ERROR;
				GCC_WARN_UNDECLARED_SELECTOR = YES;
				GCC_WARN_UNINITIALIZED_AUTOS = YES_AGGRESSIVE;
				GCC_WARN_UNUSED_FUNCTION = YES;
				GCC_WARN_UNUSED_VARIABLE = YES;
				MACOSX_DEPLOYMENT_TARGET = 10.12;
				MTL_ENABLE_DEBUG_INFO = NO;
				SDKROOT = macosx;
				SWIFT_OPTIMIZATION_LEVEL = "-Owholemodule";
			};
			name = Release;
		};
		207657F01E33F8CC008B6187 /* Debug */ = {
			isa = XCBuildConfiguration;
			buildSettings = {
				ASSETCATALOG_COMPILER_APPICON_NAME = AppIcon;
				COMBINE_HIDPI_IMAGES = YES;
				INFOPLIST_FILE = "Finances-Tracker/Info.plist";
				LD_RUNPATH_SEARCH_PATHS = "$(inherited) @executable_path/../Frameworks";
				PRODUCT_BUNDLE_IDENTIFIER = "jasonm.Finances-Tracker";
				PRODUCT_NAME = "$(TARGET_NAME)";
				SWIFT_VERSION = 3.0;
			};
			name = Debug;
		};
		207657F11E33F8CC008B6187 /* Release */ = {
			isa = XCBuildConfiguration;
			buildSettings = {
				ASSETCATALOG_COMPILER_APPICON_NAME = AppIcon;
				COMBINE_HIDPI_IMAGES = YES;
				INFOPLIST_FILE = "Finances-Tracker/Info.plist";
				LD_RUNPATH_SEARCH_PATHS = "$(inherited) @executable_path/../Frameworks";
				PRODUCT_BUNDLE_IDENTIFIER = "jasonm.Finances-Tracker";
				PRODUCT_NAME = "$(TARGET_NAME)";
				SWIFT_VERSION = 3.0;
			};
			name = Release;
		};
/* End XCBuildConfiguration section */

/* Begin XCConfigurationList section */
		207657D81E33F8CC008B6187 /* Build configuration list for PBXProject "Finances-Tracker" */ = {
			isa = XCConfigurationList;
			buildConfigurations = (
				207657ED1E33F8CC008B6187 /* Debug */,
				207657EE1E33F8CC008B6187 /* Release */,
			);
			defaultConfigurationIsVisible = 0;
			defaultConfigurationName = Release;
		};
		207657EF1E33F8CC008B6187 /* Build configuration list for PBXNativeTarget "Finances-Tracker" */ = {
			isa = XCConfigurationList;
			buildConfigurations = (
				207657F01E33F8CC008B6187 /* Debug */,
				207657F11E33F8CC008B6187 /* Release */,
			);
			defaultConfigurationIsVisible = 0;
			defaultConfigurationName = Release;
		};
/* End XCConfigurationList section */

/* Begin XCVersionGroup section */
		207657E41E33F8CC008B6187 /* Finances_Tracker.xcdatamodeld */ = {
			isa = XCVersionGroup;
			children = (
				207657E51E33F8CC008B6187 /* Finances_Tracker.xcdatamodel */,
			);
			currentVersion = 207657E51E33F8CC008B6187 /* Finances_Tracker.xcdatamodel */;
			path = Finances_Tracker.xcdatamodeld;
			sourceTree = "<group>";
			versionGroupType = wrapper.xcdatamodel;
		};
/* End XCVersionGroup section */
	};
	rootObject = 207657D51E33F8CC008B6187 /* Project object */;
}
